
Microsoft Visual Studio Solution File, Format Version 12.00
# Visual Studio Version 17
VisualStudioVersion = 17.8.34511.84
MinimumVisualStudioVersion = 10.0.40219.1
Project("{FAE04EC0-301F-11D3-BF4B-00C04F79EFBC}") = "WorkGit", "WorkGit.csproj", "{52FAA266-DAF6-493D-A0E3-8F9CD64AC62A}"
EndProject
Global
	GlobalSection(SolutionConfigurationPlatforms) = preSolution
		Debug|Any CPU = Debug|Any CPU
		Release|Any CPU = Release|Any CPU
	EndGlobalSection
	GlobalSection(ProjectConfigurationPlatforms) = postSolution
		{52FAA266-DAF6-493D-A0E3-8F9CD64AC62A}.Debug|Any CPU.ActiveCfg = Debug|Any CPU
		{52FAA266-DAF6-493D-A0E3-8F9CD64AC62A}.Debug|Any CPU.Build.0 = Debug|Any CPU
		{52FAA266-DAF6-493D-A0E3-8F9CD64AC62A}.Release|Any CPU.ActiveCfg = Release|Any CPU
		{52FAA266-DAF6-493D-A0E3-8F9CD64AC62A}.Release|Any CPU.Build.0 = Release|Any CPU
	EndGlobalSection
	GlobalSection(SolutionProperties) = preSolution
		HideSolutionNode = FALSE
	EndGlobalSection
	GlobalSection(ExtensibilityGlobals) = postSolution
		SolutionGuid = {6F988F81-A058-4210-B7BD-5E5A5ADBE09C}
	EndGlobalSection
EndGlobal
